
Microsoft Visual Studio Solution File, Format Version 12.00
# Visual Studio Version 16
VisualStudioVersion = 16.0.30717.126
MinimumVisualStudioVersion = 10.0.40219.1
Project("{FAE04EC0-301F-11D3-BF4B-00C04F79EFBC}") = "asp-net_-_car-shop", "asp-net_-_car-shop.csproj", "{8082DF52-791F-4559-9558-43200A059E50}"
EndProject
Global
	GlobalSection(SolutionConfigurationPlatforms) = preSolution
		Debug|Any CPU = Debug|Any CPU
		Release|Any CPU = Release|Any CPU
	EndGlobalSection
	GlobalSection(ProjectConfigurationPlatforms) = postSolution
		{8082DF52-791F-4559-9558-43200A059E50}.Debug|Any CPU.ActiveCfg = Debug|Any CPU
		{8082DF52-791F-4559-9558-43200A059E50}.Debug|Any CPU.Build.0 = Debug|Any CPU
		{8082DF52-791F-4559-9558-43200A059E50}.Release|Any CPU.ActiveCfg = Release|Any CPU
		{8082DF52-791F-4559-9558-43200A059E50}.Release|Any CPU.Build.0 = Release|Any CPU
	EndGlobalSection
	GlobalSection(SolutionProperties) = preSolution
		HideSolutionNode = FALSE
	EndGlobalSection
	GlobalSection(ExtensibilityGlobals) = postSolution
		SolutionGuid = {9E95AB7B-70C2-4993-B5E0-E5C690DA1355}
	EndGlobalSection
EndGlobal
